
Microsoft Visual Studio Solution File, Format Version 12.00
# Visual Studio Version 17
VisualStudioVersion = 17.11.35222.181
MinimumVisualStudioVersion = 10.0.40219.1
Project("{8BC9CEB8-8B4A-11D0-8D11-00A0C91BC942}") = "LandscapeGenerator", "apps\LandscapeGenerator\LandscapeGenerator.vcxproj", "{AAAFCF08-0416-41C9-B4D7-39896CEDE4F0}"
	ProjectSection(ProjectDependencies) = postProject
		{1B0C3A3A-A0E4-45EA-B83E-E3B3C6A67E18} = {1B0C3A3A-A0E4-45EA-B83E-E3B3C6A67E18}
	EndProjectSection
EndProject
Project("{8BC9CEB8-8B4A-11D0-8D11-00A0C91BC942}") = "ZoneCalculator", "apps\ZoneCalculator\ZoneCalculator.vcxproj", "{F49AB1F2-6394-4E9A-8E17-35748A70C2A4}"
EndProject
Project("{2150E333-8FDC-42A3-9474-1A3956D46DE8}") = "inc", "inc", "{AC185179-686C-47FF-BFBC-A508AB0CF61A}"
	ProjectSection(SolutionItems) = preProject
		inc\Helpers.h = inc\Helpers.h
		inc\ZoneTools.h = inc\ZoneTools.h
	EndProjectSection
EndProject
Project("{2150E333-8FDC-42A3-9474-1A3956D46DE8}") = "libs", "libs", "{59535AE6-42B0-46C0-8EB1-A06A6800F73F}"
EndProject
Project("{8BC9CEB8-8B4A-11D0-8D11-00A0C91BC942}") = "MeshLib", "libs\MeshLib\MeshLib.vcxproj", "{1B0C3A3A-A0E4-45EA-B83E-E3B3C6A67E18}"
EndProject
Global
	GlobalSection(SolutionConfigurationPlatforms) = preSolution
		Debug|x64 = Debug|x64
		Release|x64 = Release|x64
	EndGlobalSection
	GlobalSection(ProjectConfigurationPlatforms) = postSolution
		{AAAFCF08-0416-41C9-B4D7-39896CEDE4F0}.Debug|x64.ActiveCfg = Debug|x64
		{AAAFCF08-0416-41C9-B4D7-39896CEDE4F0}.Debug|x64.Build.0 = Debug|x64
		{AAAFCF08-0416-41C9-B4D7-39896CEDE4F0}.Release|x64.ActiveCfg = Release|x64
		{AAAFCF08-0416-41C9-B4D7-39896CEDE4F0}.Release|x64.Build.0 = Release|x64
		{F49AB1F2-6394-4E9A-8E17-35748A70C2A4}.Debug|x64.ActiveCfg = Debug|x64
		{F49AB1F2-6394-4E9A-8E17-35748A70C2A4}.Debug|x64.Build.0 = Debug|x64
		{F49AB1F2-6394-4E9A-8E17-35748A70C2A4}.Release|x64.ActiveCfg = Release|x64
		{F49AB1F2-6394-4E9A-8E17-35748A70C2A4}.Release|x64.Build.0 = Release|x64
		{1B0C3A3A-A0E4-45EA-B83E-E3B3C6A67E18}.Debug|x64.ActiveCfg = Debug|x64
		{1B0C3A3A-A0E4-45EA-B83E-E3B3C6A67E18}.Debug|x64.Build.0 = Debug|x64
		{1B0C3A3A-A0E4-45EA-B83E-E3B3C6A67E18}.Release|x64.ActiveCfg = Release|x64
		{1B0C3A3A-A0E4-45EA-B83E-E3B3C6A67E18}.Release|x64.Build.0 = Release|x64
	EndGlobalSection
	GlobalSection(SolutionProperties) = preSolution
		HideSolutionNode = FALSE
	EndGlobalSection
	GlobalSection(NestedProjects) = preSolution
		{1B0C3A3A-A0E4-45EA-B83E-E3B3C6A67E18} = {59535AE6-42B0-46C0-8EB1-A06A6800F73F}
	EndGlobalSection
	GlobalSection(ExtensibilityGlobals) = postSolution
		SolutionGuid = {D0E922A1-EFC1-44B9-8A29-B5B71CCC8334}
	EndGlobalSection
EndGlobal
